PODS:
  - asset_webview (0.0.1):
    - Flutter
  - Flutter (1.0.0)

DEPENDENCIES:
  - asset_webview (from `.symlinks/plugins/asset_webview/ios`)
  - Flutter (from `Flutter`)

EXTERNAL SOURCES:
  asset_webview:
    :path: ".symlinks/plugins/asset_webview/ios"
  Flutter:
    :path: Flutter

SPEC CHECKSUMS:
  asset_webview: 6ea3e602c34e111b4d808f8c09b8d31fbe5c27e4
  Flutter: 50d75fe2f02b26cc09d224853bb45737f8b3214a

PODFILE CHECKSUM: a5adfe7971131cf0589107393691ada35be2b45f

COCOAPODS: 1.11.3
